{
  "version": 4,
  "terraform_version": "0.12.20",
  "serial": 96,
  "lineage": "1edfa79b-da41-6f11-e751-eecf7dced6f4",
  "outputs": {
    "ecr_arn": {
      "value": "arn:aws:ecr:us-east-1:861889661163:repository/hello-api",
      "type": "string"
    },
    "ecr_lifecycle_registry_id": {
      "value": "861889661163",
      "type": "string"
    },
    "ecr_lifecycle_repository": {
      "value": "hello-api",
      "type": "string"
    },
    "ecr_name": {
      "value": "hello-api",
      "type": "string"
    },
    "ecr_registry_id": {
      "value": "861889661163",
      "type": "string"
    },
    "ecr_repository_url": {
      "value": "861889661163.dkr.ecr.us-east-1.amazonaws.com/hello-api",
      "type": "string"
    }
  },
  "resources": [
    {
      "mode": "data",
      "type": "aws_caller_identity",
      "name": "current",
      "provider": "provider.aws",
      "instances": [
        {
          "schema_version": 0,
          "attributes": {
            "account_id": "861889661163",
            "arn": "arn:aws:iam::861889661163:user/lmoreira",
            "id": "861889661163",
            "user_id": "AIDA4RLFARDVWTDPIKOZG"
          }
        }
      ]
    },
    {
      "mode": "data",
      "type": "aws_region",
      "name": "current",
      "provider": "provider.aws",
      "instances": [
        {
          "schema_version": 0,
          "attributes": {
            "description": "US East (N. Virginia)",
            "endpoint": "ec2.us-east-1.amazonaws.com",
            "id": "us-east-1",
            "name": "us-east-1"
          }
        }
      ]
    },
    {
      "mode": "data",
      "type": "template_file",
      "name": "ecr_default_policy",
      "provider": "provider.template",
      "instances": [
        {
          "schema_version": 0,
          "attributes": {
            "filename": null,
            "id": "778715092f572a0b76c74628bb0fe98f6d251707e2b2287411b1963b1ec5ea6e",
            "rendered": "{\n    \"rules\": [\n        {\n            \"rulePriority\": 1,\n            \"description\": \"Keep the last 5 images in the repository.\",\n            \"selection\": {\n                \"tagStatus\": \"any\",\n                \"countType\": \"imageCountMoreThan\",\n                \"countNumber\": 5\n            },\n            \"action\": {\n                \"type\": \"expire\"\n            }\n        }\n    ]\n}",
            "template": "{\n    \"rules\": [\n        {\n            \"rulePriority\": ${priority},\n            \"description\": \"${description}\",\n            \"selection\": {\n                \"tagStatus\": \"${tag_status}\",\n                \"countType\": \"${count_type}\",\n                \"countNumber\": ${count_number}\n            },\n            \"action\": {\n                \"type\": \"${action_type}\"\n            }\n        }\n    ]\n}",
            "vars": {
              "action_type": "expire",
              "count_number": "5",
              "count_type": "imageCountMoreThan",
              "description": "Keep the last 5 images in the repository.",
              "priority": "1",
              "tag_status": "any"
            }
          }
        }
      ]
    },
    {
      "mode": "managed",
      "type": "aws_ecr_lifecycle_policy",
      "name": "lifecycle",
      "provider": "provider.aws",
      "instances": [
        {
          "schema_version": 0,
          "attributes": {
            "id": "hello-api",
            "policy": "{\"rules\":[{\"rulePriority\":1,\"description\":\"Keep the last 5 images in the repository.\",\"selection\":{\"tagStatus\":\"any\",\"countType\":\"imageCountMoreThan\",\"countNumber\":5},\"action\":{\"type\":\"expire\"}}]}",
            "registry_id": "861889661163",
            "repository": "hello-api"
          },
          "private": "bnVsbA==",
          "dependencies": [
            "aws_ecr_repository.ecr"
          ]
        }
      ]
    },
    {
      "mode": "managed",
      "type": "aws_ecr_repository",
      "name": "ecr",
      "provider": "provider.aws",
      "instances": [
        {
          "schema_version": 0,
          "attributes": {
            "arn": "arn:aws:ecr:us-east-1:861889661163:repository/hello-api",
            "encryption_configuration": [
              {
                "encryption_type": "AES256",
                "kms_key": ""
              }
            ],
            "id": "hello-api",
            "image_scanning_configuration": [
              {
                "scan_on_push": true
              }
            ],
            "image_tag_mutability": "MUTABLE",
            "name": "hello-api",
            "registry_id": "861889661163",
            "repository_url": "861889661163.dkr.ecr.us-east-1.amazonaws.com/hello-api",
            "tags": {},
            "timeouts": null
          },
          "private": "eyJlMmJmYjczMC1lY2FhLTExZTYtOGY4OC0zNDM2M2JjN2M0YzAiOnsiZGVsZXRlIjoxMjAwMDAwMDAwMDAwfX0="
        }
      ]
    }
  ]
}
